
Microsoft Visual Studio Solution File, Format Version 12.00
# Visual Studio 15
VisualStudioVersion = 15.0.26124.0
MinimumVisualStudioVersion = 15.0.26124.0
Project("{FAE04EC0-301F-11D3-BF4B-00C04F79EFBC}") = "Net35Project", "Net35Project\Net35Project.csproj", "{C006C62D-A9B7-4F20-BAA7-3647C9C2F2FE}"
EndProject
Project("{FAE04EC0-301F-11D3-BF4B-00C04F79EFBC}") = "MultitargetProject", "MultitargetProject\MultitargetProject.csproj", "{B1384AED-D3A4-4307-AEF9-D32139DC3EFC}"
EndProject
Global
	GlobalSection(SolutionConfigurationPlatforms) = preSolution
		Debug|Any CPU = Debug|Any CPU
		Debug|x64 = Debug|x64
		Debug|x86 = Debug|x86
		Release|Any CPU = Release|Any CPU
		Release|x64 = Release|x64
		Release|x86 = Release|x86
	EndGlobalSection
	GlobalSection(SolutionProperties) = preSolution
		HideSolutionNode = FALSE
	EndGlobalSection
	GlobalSection(ProjectConfigurationPlatforms) = postSolution
		{C006C62D-A9B7-4F20-BAA7-3647C9C2F2FE}.Debug|Any CPU.ActiveCfg = Debug|Any CPU
		{C006C62D-A9B7-4F20-BAA7-3647C9C2F2FE}.Debug|Any CPU.Build.0 = Debug|Any CPU
		{C006C62D-A9B7-4F20-BAA7-3647C9C2F2FE}.Debug|x64.ActiveCfg = Debug|Any CPU
		{C006C62D-A9B7-4F20-BAA7-3647C9C2F2FE}.Debug|x64.Build.0 = Debug|Any CPU
		{C006C62D-A9B7-4F20-BAA7-3647C9C2F2FE}.Debug|x86.ActiveCfg = Debug|Any CPU
		{C006C62D-A9B7-4F20-BAA7-3647C9C2F2FE}.Debug|x86.Build.0 = Debug|Any CPU
		{C006C62D-A9B7-4F20-BAA7-3647C9C2F2FE}.Release|Any CPU.ActiveCfg = Release|Any CPU
		{C006C62D-A9B7-4F20-BAA7-3647C9C2F2FE}.Release|Any CPU.Build.0 = Release|Any CPU
		{C006C62D-A9B7-4F20-BAA7-3647C9C2F2FE}.Release|x64.ActiveCfg = Release|Any CPU
		{C006C62D-A9B7-4F20-BAA7-3647C9C2F2FE}.Release|x64.Build.0 = Release|Any CPU
		{C006C62D-A9B7-4F20-BAA7-3647C9C2F2FE}.Release|x86.ActiveCfg = Release|Any CPU
		{C006C62D-A9B7-4F20-BAA7-3647C9C2F2FE}.Release|x86.Build.0 = Release|Any CPU
		{B1384AED-D3A4-4307-AEF9-D32139DC3EFC}.Debug|Any CPU.ActiveCfg = Debug|Any CPU
		{B1384AED-D3A4-4307-AEF9-D32139DC3EFC}.Debug|Any CPU.Build.0 = Debug|Any CPU
		{B1384AED-D3A4-4307-AEF9-D32139DC3EFC}.Debug|x64.ActiveCfg = Debug|Any CPU
		{B1384AED-D3A4-4307-AEF9-D32139DC3EFC}.Debug|x64.Build.0 = Debug|Any CPU
		{B1384AED-D3A4-4307-AEF9-D32139DC3EFC}.Debug|x86.ActiveCfg = Debug|Any CPU
		{B1384AED-D3A4-4307-AEF9-D32139DC3EFC}.Debug|x86.Build.0 = Debug|Any CPU
		{B1384AED-D3A4-4307-AEF9-D32139DC3EFC}.Release|Any CPU.ActiveCfg = Release|Any CPU
		{B1384AED-D3A4-4307-AEF9-D32139DC3EFC}.Release|Any CPU.Build.0 = Release|Any CPU
		{B1384AED-D3A4-4307-AEF9-D32139DC3EFC}.Release|x64.ActiveCfg = Release|Any CPU
		{B1384AED-D3A4-4307-AEF9-D32139DC3EFC}.Release|x64.Build.0 = Release|Any CPU
		{B1384AED-D3A4-4307-AEF9-D32139DC3EFC}.Release|x86.ActiveCfg = Release|Any CPU
		{B1384AED-D3A4-4307-AEF9-D32139DC3EFC}.Release|x86.Build.0 = Release|Any CPU
	EndGlobalSection
EndGlobal
